
Microsoft Visual Studio Solution File, Format Version 12.00
# Visual Studio Version 16
VisualStudioVersion = 16.0.30104.148
MinimumVisualStudioVersion = 10.0.40219.1
Project("{2150E333-8FDC-42A3-9474-1A3956D46DE8}") = "PhoneContactService", "PhoneContactService", "{965A6914-2860-4972-89C1-F5886F6A30DF}"
EndProject
Project("{2150E333-8FDC-42A3-9474-1A3956D46DE8}") = "ReportService", "ReportService", "{9616C016-6B54-4D66-BD91-3A52B7311279}"
EndProject
Project("{FAE04EC0-301F-11D3-BF4B-00C04F79EFBC}") = "PhoneContact.API", "PhoneContact.API\PhoneContact.API.csproj", "{FD9BDA18-1C54-42C1-878D-6164AF77E999}"
EndProject
Project("{FAE04EC0-301F-11D3-BF4B-00C04F79EFBC}") = "Report.API", "Report.API\Report.API.csproj", "{72C868D5-30BB-425F-A648-6690624F7BDE}"
EndProject
Project("{FAE04EC0-301F-11D3-BF4B-00C04F79EFBC}") = "PhoneContact.DapperRepository", "PhoneContact.DapperRepository\PhoneContact.DapperRepository.csproj", "{1626A1FE-081E-4B22-8CD5-F69D6A47BDF0}"
EndProject
Project("{FAE04EC0-301F-11D3-BF4B-00C04F79EFBC}") = "PhoneContact.Domain", "PhoneContact.Domain\PhoneContact.Domain.csproj", "{5E5B7A3D-5B76-4118-A9A8-8982E2CE2E92}"
EndProject
Project("{FAE04EC0-301F-11D3-BF4B-00C04F79EFBC}") = "PhoneContact.Services", "PhoneContact.Services\PhoneContact.Services.csproj", "{A369C23E-0D2E-479D-8177-9AEDA7CE237F}"
EndProject
Project("{FAE04EC0-301F-11D3-BF4B-00C04F79EFBC}") = "PhoneContact.EFRepository", "PhoneContact.EFRepository\PhoneContact.EFRepository.csproj", "{D2D0702E-5763-443F-A414-5F4032828228}"
EndProject
Project("{2150E333-8FDC-42A3-9474-1A3956D46DE8}") = "Library", "Library", "{61DA1886-0C96-4220-8D48-F7309EB3C378}"
EndProject
Project("{FAE04EC0-301F-11D3-BF4B-00C04F79EFBC}") = "EventBus", "EventBus\EventBus.csproj", "{7E686B72-D47E-4108-AA03-5CA4C9AFE78D}"
EndProject
Project("{FAE04EC0-301F-11D3-BF4B-00C04F79EFBC}") = "EventBusRabbitMQ", "EventBusRabbitMQ\EventBusRabbitMQ.csproj", "{D654558C-178D-4A63-AEEC-5EEC957BDA43}"
EndProject
Project("{FAE04EC0-301F-11D3-BF4B-00C04F79EFBC}") = "PhoneContact.API.Client", "PhoneContact.API.Client\PhoneContact.API.Client.csproj", "{875EB919-690F-4EE9-97BC-F82132862E60}"
EndProject
Project("{FAE04EC0-301F-11D3-BF4B-00C04F79EFBC}") = "PhoneContact.API.Contract", "PhoneContact.API.Contract\PhoneContact.API.Contract.csproj", "{1B4ADADE-AE3A-4B6F-AC75-3D3F042981FA}"
EndProject
Project("{FAE04EC0-301F-11D3-BF4B-00C04F79EFBC}") = "IntegrationEventLogEF", "IntegrationEventLogEF\IntegrationEventLogEF.csproj", "{606B94AC-2B5C-4396-88B8-84B3CBDF5003}"
EndProject
Global
	GlobalSection(SolutionConfigurationPlatforms) = preSolution
		Debug|Any CPU = Debug|Any CPU
		Release|Any CPU = Release|Any CPU
	EndGlobalSection
	GlobalSection(ProjectConfigurationPlatforms) = postSolution
		{FD9BDA18-1C54-42C1-878D-6164AF77E999}.Debug|Any CPU.ActiveCfg = Debug|Any CPU
		{FD9BDA18-1C54-42C1-878D-6164AF77E999}.Debug|Any CPU.Build.0 = Debug|Any CPU
		{FD9BDA18-1C54-42C1-878D-6164AF77E999}.Release|Any CPU.ActiveCfg = Release|Any CPU
		{FD9BDA18-1C54-42C1-878D-6164AF77E999}.Release|Any CPU.Build.0 = Release|Any CPU
		{72C868D5-30BB-425F-A648-6690624F7BDE}.Debug|Any CPU.ActiveCfg = Debug|Any CPU
		{72C868D5-30BB-425F-A648-6690624F7BDE}.Debug|Any CPU.Build.0 = Debug|Any CPU
		{72C868D5-30BB-425F-A648-6690624F7BDE}.Release|Any CPU.ActiveCfg = Release|Any CPU
		{72C868D5-30BB-425F-A648-6690624F7BDE}.Release|Any CPU.Build.0 = Release|Any CPU
		{1626A1FE-081E-4B22-8CD5-F69D6A47BDF0}.Debug|Any CPU.ActiveCfg = Debug|Any CPU
		{1626A1FE-081E-4B22-8CD5-F69D6A47BDF0}.Debug|Any CPU.Build.0 = Debug|Any CPU
		{1626A1FE-081E-4B22-8CD5-F69D6A47BDF0}.Release|Any CPU.ActiveCfg = Release|Any CPU
		{1626A1FE-081E-4B22-8CD5-F69D6A47BDF0}.Release|Any CPU.Build.0 = Release|Any CPU
		{5E5B7A3D-5B76-4118-A9A8-8982E2CE2E92}.Debug|Any CPU.ActiveCfg = Debug|Any CPU
		{5E5B7A3D-5B76-4118-A9A8-8982E2CE2E92}.Debug|Any CPU.Build.0 = Debug|Any CPU
		{5E5B7A3D-5B76-4118-A9A8-8982E2CE2E92}.Release|Any CPU.ActiveCfg = Release|Any CPU
		{5E5B7A3D-5B76-4118-A9A8-8982E2CE2E92}.Release|Any CPU.Build.0 = Release|Any CPU
		{A369C23E-0D2E-479D-8177-9AEDA7CE237F}.Debug|Any CPU.ActiveCfg = Debug|Any CPU
		{A369C23E-0D2E-479D-8177-9AEDA7CE237F}.Debug|Any CPU.Build.0 = Debug|Any CPU
		{A369C23E-0D2E-479D-8177-9AEDA7CE237F}.Release|Any CPU.ActiveCfg = Release|Any CPU
		{A369C23E-0D2E-479D-8177-9AEDA7CE237F}.Release|Any CPU.Build.0 = Release|Any CPU
		{D2D0702E-5763-443F-A414-5F4032828228}.Debug|Any CPU.ActiveCfg = Debug|Any CPU
		{D2D0702E-5763-443F-A414-5F4032828228}.Debug|Any CPU.Build.0 = Debug|Any CPU
		{D2D0702E-5763-443F-A414-5F4032828228}.Release|Any CPU.ActiveCfg = Release|Any CPU
		{D2D0702E-5763-443F-A414-5F4032828228}.Release|Any CPU.Build.0 = Release|Any CPU
		{7E686B72-D47E-4108-AA03-5CA4C9AFE78D}.Debug|Any CPU.ActiveCfg = Debug|Any CPU
		{7E686B72-D47E-4108-AA03-5CA4C9AFE78D}.Debug|Any CPU.Build.0 = Debug|Any CPU
		{7E686B72-D47E-4108-AA03-5CA4C9AFE78D}.Release|Any CPU.ActiveCfg = Release|Any CPU
		{7E686B72-D47E-4108-AA03-5CA4C9AFE78D}.Release|Any CPU.Build.0 = Release|Any CPU
		{D654558C-178D-4A63-AEEC-5EEC957BDA43}.Debug|Any CPU.ActiveCfg = Debug|Any CPU
		{D654558C-178D-4A63-AEEC-5EEC957BDA43}.Debug|Any CPU.Build.0 = Debug|Any CPU
		{D654558C-178D-4A63-AEEC-5EEC957BDA43}.Release|Any CPU.ActiveCfg = Release|Any CPU
		{D654558C-178D-4A63-AEEC-5EEC957BDA43}.Release|Any CPU.Build.0 = Release|Any CPU
		{875EB919-690F-4EE9-97BC-F82132862E60}.Debug|Any CPU.ActiveCfg = Debug|Any CPU
		{875EB919-690F-4EE9-97BC-F82132862E60}.Debug|Any CPU.Build.0 = Debug|Any CPU
		{875EB919-690F-4EE9-97BC-F82132862E60}.Release|Any CPU.ActiveCfg = Release|Any CPU
		{875EB919-690F-4EE9-97BC-F82132862E60}.Release|Any CPU.Build.0 = Release|Any CPU
		{1B4ADADE-AE3A-4B6F-AC75-3D3F042981FA}.Debug|Any CPU.ActiveCfg = Debug|Any CPU
		{1B4ADADE-AE3A-4B6F-AC75-3D3F042981FA}.Debug|Any CPU.Build.0 = Debug|Any CPU
		{1B4ADADE-AE3A-4B6F-AC75-3D3F042981FA}.Release|Any CPU.ActiveCfg = Release|Any CPU
		{1B4ADADE-AE3A-4B6F-AC75-3D3F042981FA}.Release|Any CPU.Build.0 = Release|Any CPU
		{606B94AC-2B5C-4396-88B8-84B3CBDF5003}.Debug|Any CPU.ActiveCfg = Debug|Any CPU
		{606B94AC-2B5C-4396-88B8-84B3CBDF5003}.Debug|Any CPU.Build.0 = Debug|Any CPU
		{606B94AC-2B5C-4396-88B8-84B3CBDF5003}.Release|Any CPU.ActiveCfg = Release|Any CPU
		{606B94AC-2B5C-4396-88B8-84B3CBDF5003}.Release|Any CPU.Build.0 = Release|Any CPU
	EndGlobalSection
	GlobalSection(SolutionProperties) = preSolution
		HideSolutionNode = FALSE
	EndGlobalSection
	GlobalSection(NestedProjects) = preSolution
		{FD9BDA18-1C54-42C1-878D-6164AF77E999} = {965A6914-2860-4972-89C1-F5886F6A30DF}
		{72C868D5-30BB-425F-A648-6690624F7BDE} = {9616C016-6B54-4D66-BD91-3A52B7311279}
		{1626A1FE-081E-4B22-8CD5-F69D6A47BDF0} = {965A6914-2860-4972-89C1-F5886F6A30DF}
		{5E5B7A3D-5B76-4118-A9A8-8982E2CE2E92} = {965A6914-2860-4972-89C1-F5886F6A30DF}
		{A369C23E-0D2E-479D-8177-9AEDA7CE237F} = {965A6914-2860-4972-89C1-F5886F6A30DF}
		{D2D0702E-5763-443F-A414-5F4032828228} = {965A6914-2860-4972-89C1-F5886F6A30DF}
		{7E686B72-D47E-4108-AA03-5CA4C9AFE78D} = {61DA1886-0C96-4220-8D48-F7309EB3C378}
		{D654558C-178D-4A63-AEEC-5EEC957BDA43} = {61DA1886-0C96-4220-8D48-F7309EB3C378}
		{875EB919-690F-4EE9-97BC-F82132862E60} = {61DA1886-0C96-4220-8D48-F7309EB3C378}
		{1B4ADADE-AE3A-4B6F-AC75-3D3F042981FA} = {61DA1886-0C96-4220-8D48-F7309EB3C378}
		{606B94AC-2B5C-4396-88B8-84B3CBDF5003} = {61DA1886-0C96-4220-8D48-F7309EB3C378}
	EndGlobalSection
	GlobalSection(ExtensibilityGlobals) = postSolution
		SolutionGuid = {C636228D-E2D5-4CEE-8791-C214980097E2}
	EndGlobalSection
EndGlobal
